
Microsoft Visual Studio Solution File, Format Version 12.00
# Visual Studio 2017
Project("{FAE04EC0-301F-11D3-BF4B-00C04F79EFBC}") = "dangerpreneur", "dangerpreneur.csproj", "{2DEA3E0B-F349-E77A-5A2B-23F164CBF083}"
EndProject
Project("{FAE04EC0-301F-11D3-BF4B-00C04F79EFBC}") = "dangerpreneur.Plugins", "dangerpreneur.Plugins.csproj", "{6519246E-7DDD-E35F-CFD7-D9E568ED8171}"
EndProject
Global
	GlobalSection(SolutionConfigurationPlatforms) = preSolution
		Debug|Any CPU = Debug|Any CPU
		Release|Any CPU = Release|Any CPU
	EndGlobalSection
	GlobalSection(ProjectConfigurationPlatforms) = postSolution
		{2DEA3E0B-F349-E77A-5A2B-23F164CBF083}.Debug|Any CPU.ActiveCfg = Debug|Any CPU
		{2DEA3E0B-F349-E77A-5A2B-23F164CBF083}.Debug|Any CPU.Build.0 = Debug|Any CPU
		{2DEA3E0B-F349-E77A-5A2B-23F164CBF083}.Release|Any CPU.ActiveCfg = Release|Any CPU
		{2DEA3E0B-F349-E77A-5A2B-23F164CBF083}.Release|Any CPU.Build.0 = Release|Any CPU
		{6519246E-7DDD-E35F-CFD7-D9E568ED8171}.Debug|Any CPU.ActiveCfg = Debug|Any CPU
		{6519246E-7DDD-E35F-CFD7-D9E568ED8171}.Debug|Any CPU.Build.0 = Debug|Any CPU
		{6519246E-7DDD-E35F-CFD7-D9E568ED8171}.Release|Any CPU.ActiveCfg = Release|Any CPU
		{6519246E-7DDD-E35F-CFD7-D9E568ED8171}.Release|Any CPU.Build.0 = Release|Any CPU
	EndGlobalSection
	GlobalSection(SolutionProperties) = preSolution
		HideSolutionNode = FALSE
	EndGlobalSection
EndGlobal
