
Microsoft Visual Studio Solution File, Format Version 12.00
# Visual Studio 2017
Project("{FAE04EC0-301F-11D3-BF4B-00C04F79EFBC}") = "new dangerpreneur 25 jun", "new dangerpreneur 25 jun.csproj", "{42D23B89-984D-9EBB-F5E8-AE582BD2227E}"
EndProject
Project("{FAE04EC0-301F-11D3-BF4B-00C04F79EFBC}") = "new dangerpreneur 25 jun.Plugins", "new dangerpreneur 25 jun.Plugins.csproj", "{1C3D5AAE-4D93-CFB3-84B3-E9841B6721E3}"
EndProject
Global
	GlobalSection(SolutionConfigurationPlatforms) = preSolution
		Debug|Any CPU = Debug|Any CPU
		Release|Any CPU = Release|Any CPU
	EndGlobalSection
	GlobalSection(ProjectConfigurationPlatforms) = postSolution
		{42D23B89-984D-9EBB-F5E8-AE582BD2227E}.Debug|Any CPU.ActiveCfg = Debug|Any CPU
		{42D23B89-984D-9EBB-F5E8-AE582BD2227E}.Debug|Any CPU.Build.0 = Debug|Any CPU
		{42D23B89-984D-9EBB-F5E8-AE582BD2227E}.Release|Any CPU.ActiveCfg = Release|Any CPU
		{42D23B89-984D-9EBB-F5E8-AE582BD2227E}.Release|Any CPU.Build.0 = Release|Any CPU
		{1C3D5AAE-4D93-CFB3-84B3-E9841B6721E3}.Debug|Any CPU.ActiveCfg = Debug|Any CPU
		{1C3D5AAE-4D93-CFB3-84B3-E9841B6721E3}.Debug|Any CPU.Build.0 = Debug|Any CPU
		{1C3D5AAE-4D93-CFB3-84B3-E9841B6721E3}.Release|Any CPU.ActiveCfg = Release|Any CPU
		{1C3D5AAE-4D93-CFB3-84B3-E9841B6721E3}.Release|Any CPU.Build.0 = Release|Any CPU
	EndGlobalSection
	GlobalSection(SolutionProperties) = preSolution
		HideSolutionNode = FALSE
	EndGlobalSection
EndGlobal
